
Microsoft Visual Studio Solution File, Format Version 12.00
# Visual Studio Version 17
VisualStudioVersion = 17.1.32319.34
MinimumVisualStudioVersion = 10.0.40219.1
Project("{FAE04EC0-301F-11D3-BF4B-00C04F79EFBC}") = "LessonsUnitTests", "LessonsUnitTests\LessonsUnitTests.csproj", "{EE2BD4B2-D3C5-4967-A007-DE390F9EA8DB}"
EndProject
Project("{FAE04EC0-301F-11D3-BF4B-00C04F79EFBC}") = "TestPhoneNumber", "TestPhoneNumber\TestPhoneNumber.csproj", "{34EDFB99-7FBA-45FB-8608-3F0A7647A559}"
EndProject
Global
	GlobalSection(SolutionConfigurationPlatforms) = preSolution
		Debug|Any CPU = Debug|Any CPU
		Release|Any CPU = Release|Any CPU
	EndGlobalSection
	GlobalSection(ProjectConfigurationPlatforms) = postSolution
		{EE2BD4B2-D3C5-4967-A007-DE390F9EA8DB}.Debug|Any CPU.ActiveCfg = Debug|Any CPU
		{EE2BD4B2-D3C5-4967-A007-DE390F9EA8DB}.Debug|Any CPU.Build.0 = Debug|Any CPU
		{EE2BD4B2-D3C5-4967-A007-DE390F9EA8DB}.Release|Any CPU.ActiveCfg = Release|Any CPU
		{EE2BD4B2-D3C5-4967-A007-DE390F9EA8DB}.Release|Any CPU.Build.0 = Release|Any CPU
		{34EDFB99-7FBA-45FB-8608-3F0A7647A559}.Debug|Any CPU.ActiveCfg = Debug|Any CPU
		{34EDFB99-7FBA-45FB-8608-3F0A7647A559}.Debug|Any CPU.Build.0 = Debug|Any CPU
		{34EDFB99-7FBA-45FB-8608-3F0A7647A559}.Release|Any CPU.ActiveCfg = Release|Any CPU
		{34EDFB99-7FBA-45FB-8608-3F0A7647A559}.Release|Any CPU.Build.0 = Release|Any CPU
	EndGlobalSection
	GlobalSection(SolutionProperties) = preSolution
		HideSolutionNode = FALSE
	EndGlobalSection
	GlobalSection(ExtensibilityGlobals) = postSolution
		SolutionGuid = {A56A6911-4527-4B72-B06A-ACD07DA8B41F}
	EndGlobalSection
EndGlobal
